
Microsoft Visual Studio Solution File, Format Version 12.00
# Visual Studio Version 17
VisualStudioVersion = 17.1.32421.90
MinimumVisualStudioVersion = 10.0.40219.1
Project("{FAE04EC0-301F-11D3-BF4B-00C04F79EFBC}") = "Password Generator", "Password Generator\Password Generator.csproj", "{9369451C-D3EA-4583-9247-F3B1561BEE13}"
EndProject
Global
	GlobalSection(SolutionConfigurationPlatforms) = preSolution
		Debug|Any CPU = Debug|Any CPU
		Release|Any CPU = Release|Any CPU
	EndGlobalSection
	GlobalSection(ProjectConfigurationPlatforms) = postSolution
		{9369451C-D3EA-4583-9247-F3B1561BEE13}.Debug|Any CPU.ActiveCfg = Debug|Any CPU
		{9369451C-D3EA-4583-9247-F3B1561BEE13}.Debug|Any CPU.Build.0 = Debug|Any CPU
		{9369451C-D3EA-4583-9247-F3B1561BEE13}.Release|Any CPU.ActiveCfg = Release|Any CPU
		{9369451C-D3EA-4583-9247-F3B1561BEE13}.Release|Any CPU.Build.0 = Release|Any CPU
	EndGlobalSection
	GlobalSection(SolutionProperties) = preSolution
		HideSolutionNode = FALSE
	EndGlobalSection
	GlobalSection(ExtensibilityGlobals) = postSolution
		SolutionGuid = {D5D13DCD-3785-4EF3-97A3-4116FF6305B0}
	EndGlobalSection
EndGlobal
